
Microsoft Visual Studio Solution File, Format Version 12.00
# Visual Studio Version 17
VisualStudioVersion = 17.0.32014.148
MinimumVisualStudioVersion = 10.0.40219.1
Project("{2150E333-8FDC-42A3-9474-1A3956D46DE8}") = "Solution Items", "Solution Items", "{A9BB5750-3271-430A-A2BB-7973D3FEB330}"
	ProjectSection(SolutionItems) = preProject
		README.md = README.md
	EndProjectSection
EndProject
Project("{9A19103F-16F7-4668-BE54-9A1E7A4F7556}") = "NetCore.Data", "NetCore.Data\NetCore.Data.csproj", "{5C639657-92D4-4556-86CD-3B41A73333F7}"
EndProject
Project("{9A19103F-16F7-4668-BE54-9A1E7A4F7556}") = "NetCore.API", "NetCore.API\NetCore.API.csproj", "{15518DC9-FFC8-467C-806E-DA83937C6E66}"
EndProject
Project("{9A19103F-16F7-4668-BE54-9A1E7A4F7556}") = "NetCore.Helpers", "NetCore.Helpers\NetCore.Helpers.csproj", "{15B15A7F-932E-4F59-A4B6-C1D51E3FF9FA}"
EndProject
Project("{FAE04EC0-301F-11D3-BF4B-00C04F79EFBC}") = "NetCore.WorkerService", "NetCore.WorkerService\NetCore.WorkerService.csproj", "{DD39CB42-3CDA-4718-9E63-5969CD6123C7}"
EndProject
Global
	GlobalSection(SolutionConfigurationPlatforms) = preSolution
		Debug|Any CPU = Debug|Any CPU
		Release|Any CPU = Release|Any CPU
	EndGlobalSection
	GlobalSection(ProjectConfigurationPlatforms) = postSolution
		{5C639657-92D4-4556-86CD-3B41A73333F7}.Debug|Any CPU.ActiveCfg = Debug|Any CPU
		{5C639657-92D4-4556-86CD-3B41A73333F7}.Debug|Any CPU.Build.0 = Debug|Any CPU
		{5C639657-92D4-4556-86CD-3B41A73333F7}.Release|Any CPU.ActiveCfg = Release|Any CPU
		{5C639657-92D4-4556-86CD-3B41A73333F7}.Release|Any CPU.Build.0 = Release|Any CPU
		{15518DC9-FFC8-467C-806E-DA83937C6E66}.Debug|Any CPU.ActiveCfg = Debug|Any CPU
		{15518DC9-FFC8-467C-806E-DA83937C6E66}.Debug|Any CPU.Build.0 = Debug|Any CPU
		{15518DC9-FFC8-467C-806E-DA83937C6E66}.Release|Any CPU.ActiveCfg = Release|Any CPU
		{15518DC9-FFC8-467C-806E-DA83937C6E66}.Release|Any CPU.Build.0 = Release|Any CPU
		{15B15A7F-932E-4F59-A4B6-C1D51E3FF9FA}.Debug|Any CPU.ActiveCfg = Debug|Any CPU
		{15B15A7F-932E-4F59-A4B6-C1D51E3FF9FA}.Debug|Any CPU.Build.0 = Debug|Any CPU
		{15B15A7F-932E-4F59-A4B6-C1D51E3FF9FA}.Release|Any CPU.ActiveCfg = Release|Any CPU
		{15B15A7F-932E-4F59-A4B6-C1D51E3FF9FA}.Release|Any CPU.Build.0 = Release|Any CPU
		{DD39CB42-3CDA-4718-9E63-5969CD6123C7}.Debug|Any CPU.ActiveCfg = Debug|Any CPU
		{DD39CB42-3CDA-4718-9E63-5969CD6123C7}.Debug|Any CPU.Build.0 = Debug|Any CPU
		{DD39CB42-3CDA-4718-9E63-5969CD6123C7}.Release|Any CPU.ActiveCfg = Release|Any CPU
		{DD39CB42-3CDA-4718-9E63-5969CD6123C7}.Release|Any CPU.Build.0 = Release|Any CPU
	EndGlobalSection
	GlobalSection(SolutionProperties) = preSolution
		HideSolutionNode = FALSE
	EndGlobalSection
	GlobalSection(ExtensibilityGlobals) = postSolution
		SolutionGuid = {1AA96D48-A89E-4B17-81B1-4F4ADA1ED6EC}
	EndGlobalSection
EndGlobal
